
Microsoft Visual Studio Solution File, Format Version 12.00
# Visual Studio Version 16
VisualStudioVersion = 16.0.31205.134
MinimumVisualStudioVersion = 10.0.40219.1
Project("{FAE04EC0-301F-11D3-BF4B-00C04F79EFBC}") = "TApp", "TApp\TApp.csproj", "{6AC72B79-BC09-4E0E-8443-F0582A14CB84}"
EndProject
Global
	GlobalSection(SolutionConfigurationPlatforms) = preSolution
		Debug|Any CPU = Debug|Any CPU
		Release|Any CPU = Release|Any CPU
	EndGlobalSection
	GlobalSection(ProjectConfigurationPlatforms) = postSolution
		{6AC72B79-BC09-4E0E-8443-F0582A14CB84}.Debug|Any CPU.ActiveCfg = Debug|Any CPU
		{6AC72B79-BC09-4E0E-8443-F0582A14CB84}.Debug|Any CPU.Build.0 = Debug|Any CPU
		{6AC72B79-BC09-4E0E-8443-F0582A14CB84}.Release|Any CPU.ActiveCfg = Release|Any CPU
		{6AC72B79-BC09-4E0E-8443-F0582A14CB84}.Release|Any CPU.Build.0 = Release|Any CPU
	EndGlobalSection
	GlobalSection(SolutionProperties) = preSolution
		HideSolutionNode = FALSE
	EndGlobalSection
	GlobalSection(ExtensibilityGlobals) = postSolution
		SolutionGuid = {03D4EE84-33B9-4B39-B84F-942094957A52}
	EndGlobalSection
EndGlobal
