
Microsoft Visual Studio Solution File, Format Version 12.00
# Visual Studio Version 16
VisualStudioVersion = 16.0.31112.23
MinimumVisualStudioVersion = 10.0.40219.1
Project("{FAE04EC0-301F-11D3-BF4B-00C04F79EFBC}") = "FileReadWrite", "FileReadWrite\FileReadWrite.csproj", "{6255FDC3-ECD8-4B49-B458-5FD0172C12D1}"
EndProject
Project("{FAE04EC0-301F-11D3-BF4B-00C04F79EFBC}") = "Arraylist", "Arraylist\Arraylist.csproj", "{D70E4459-C104-4E92-820C-87D2AAF58D59}"
EndProject
Global
	GlobalSection(SolutionConfigurationPlatforms) = preSolution
		Debug|Any CPU = Debug|Any CPU
		Release|Any CPU = Release|Any CPU
	EndGlobalSection
	GlobalSection(ProjectConfigurationPlatforms) = postSolution
		{6255FDC3-ECD8-4B49-B458-5FD0172C12D1}.Debug|Any CPU.ActiveCfg = Debug|Any CPU
		{6255FDC3-ECD8-4B49-B458-5FD0172C12D1}.Debug|Any CPU.Build.0 = Debug|Any CPU
		{6255FDC3-ECD8-4B49-B458-5FD0172C12D1}.Release|Any CPU.ActiveCfg = Release|Any CPU
		{6255FDC3-ECD8-4B49-B458-5FD0172C12D1}.Release|Any CPU.Build.0 = Release|Any CPU
		{D70E4459-C104-4E92-820C-87D2AAF58D59}.Debug|Any CPU.ActiveCfg = Debug|Any CPU
		{D70E4459-C104-4E92-820C-87D2AAF58D59}.Debug|Any CPU.Build.0 = Debug|Any CPU
		{D70E4459-C104-4E92-820C-87D2AAF58D59}.Release|Any CPU.ActiveCfg = Release|Any CPU
		{D70E4459-C104-4E92-820C-87D2AAF58D59}.Release|Any CPU.Build.0 = Release|Any CPU
	EndGlobalSection
	GlobalSection(SolutionProperties) = preSolution
		HideSolutionNode = FALSE
	EndGlobalSection
	GlobalSection(ExtensibilityGlobals) = postSolution
		SolutionGuid = {2C854931-6624-44D3-A113-39C60D8E2F68}
	EndGlobalSection
EndGlobal
